
Microsoft Visual Studio Solution File, Format Version 12.00
# Visual Studio Version 17
VisualStudioVersion = 17.9.34701.34
MinimumVisualStudioVersion = 10.0.40219.1
Project("{FAE04EC0-301F-11D3-BF4B-00C04F79EFBC}") = "SistemaMercado", "SistemaMercado.csproj", "{DBCF541D-E175-49CA-9637-DCA83886104E}"
EndProject
Global
	GlobalSection(SolutionConfigurationPlatforms) = preSolution
		Debug|Any CPU = Debug|Any CPU
		Release|Any CPU = Release|Any CPU
	EndGlobalSection
	GlobalSection(ProjectConfigurationPlatforms) = postSolution
		{DBCF541D-E175-49CA-9637-DCA83886104E}.Debug|Any CPU.ActiveCfg = Debug|Any CPU
		{DBCF541D-E175-49CA-9637-DCA83886104E}.Debug|Any CPU.Build.0 = Debug|Any CPU
		{DBCF541D-E175-49CA-9637-DCA83886104E}.Release|Any CPU.ActiveCfg = Release|Any CPU
		{DBCF541D-E175-49CA-9637-DCA83886104E}.Release|Any CPU.Build.0 = Release|Any CPU
	EndGlobalSection
	GlobalSection(SolutionProperties) = preSolution
		HideSolutionNode = FALSE
	EndGlobalSection
	GlobalSection(ExtensibilityGlobals) = postSolution
		SolutionGuid = {33356F6E-70FB-4BC1-BEE4-0B100943DF84}
	EndGlobalSection
EndGlobal
